
Microsoft Visual Studio Solution File, Format Version 12.00
# Visual Studio Version 17
VisualStudioVersion = 17.12.35323.107
MinimumVisualStudioVersion = 10.0.40219.1
Project("{FAE04EC0-301F-11D3-BF4B-00C04F79EFBC}") = "StarBusScheduleFetch", "StarBusScheduleFetch\StarBusScheduleFetch.csproj", "{51A09426-BF63-4F58-A1DD-7BDDF56DF06B}"
EndProject
Global
	GlobalSection(SolutionConfigurationPlatforms) = preSolution
		Debug|Any CPU = Debug|Any CPU
		Release|Any CPU = Release|Any CPU
	EndGlobalSection
	GlobalSection(ProjectConfigurationPlatforms) = postSolution
		{51A09426-BF63-4F58-A1DD-7BDDF56DF06B}.Debug|Any CPU.ActiveCfg = Debug|Any CPU
		{51A09426-BF63-4F58-A1DD-7BDDF56DF06B}.Debug|Any CPU.Build.0 = Debug|Any CPU
		{51A09426-BF63-4F58-A1DD-7BDDF56DF06B}.Release|Any CPU.ActiveCfg = Release|Any CPU
		{51A09426-BF63-4F58-A1DD-7BDDF56DF06B}.Release|Any CPU.Build.0 = Release|Any CPU
	EndGlobalSection
	GlobalSection(SolutionProperties) = preSolution
		HideSolutionNode = FALSE
	EndGlobalSection
	GlobalSection(ExtensibilityGlobals) = postSolution
		SolutionGuid = {1F9D2C6A-B57F-4B08-9E55-3751493BD67C}
	EndGlobalSection
EndGlobal
